// !$*UTF8*$!
{
	archiveVersion = 1;
	classes = {
	};
	objectVersion = 50;
	objects = {

/* Begin PBXBuildFile section */
		BA71EE0422E53B05007B670E /* AppDelegate.swift in Sources */ = {isa = PBXBuildFile; fileRef = BA71EE0322E53B05007B670E /* AppDelegate.swift */; };
		BA71EE0622E53B05007B670E /* ViewController.swift in Sources */ = {isa = PBXBuildFile; fileRef = BA71EE0522E53B05007B670E /* ViewController.swift */; };
		BA71EE0922E53B05007B670E /* Main.storyboard in Resources */ = {isa = PBXBuildFile; fileRef = BA71EE0722E53B05007B670E /* Main.storyboard */; };
		BA71EE0B22E53B06007B670E /* Assets.xcassets in Resources */ = {isa = PBXBuildFile; fileRef = BA71EE0A22E53B06007B670E /* Assets.xcassets */; };
		BA71EE0E22E53B06007B670E /* LaunchScreen.storyboard in Resources */ = {isa = PBXBuildFile; fileRef = BA71EE0C22E53B06007B670E /* LaunchScreen.storyboard */; };
		BA71EE1922E53B06007B670E /* CalendarTests.swift in Sources */ = {isa = PBXBuildFile; fileRef = BA71EE1822E53B06007B670E /* CalendarTests.swift */; };
		BA71EE2422E53B06007B670E /* CalendarUITests.swift in Sources */ = {isa = PBXBuildFile; fileRef = BA71EE2322E53B06007B670E /* CalendarUITests.swift */; };
/* End PBXBuildFile section */

/* Begin PBXContainerItemProxy section */
		BA71EE1522E53B06007B670E /* PBXContainerItemProxy */ = {
			isa = PBXContainerItemProxy;
			containerPortal = BA71EDF822E53B05007B670E /* Project object */;
			proxyType = 1;
			remoteGlobalIDString = BA71EDFF22E53B05007B670E;
			remoteInfo = Calendar;
		};
		BA71EE2022E53B06007B670E /* PBXContainerItemProxy */ = {
			isa = PBXContainerItemProxy;
			containerPortal = BA71EDF822E53B05007B670E /* Project object */;
			proxyType = 1;
			remoteGlobalIDString = BA71EDFF22E53B05007B670E;
			remoteInfo = Calendar;
		};
/* End PBXContainerItemProxy section */

/* Begin PBXFileReference section */
		BA71EE0022E53B05007B670E /* Calendar.app */ = {isa = PBXFileReference; explicitFileType = wrapper.application; includeInIndex = 0; path = Calendar.app; sourceTree = BUILT_PRODUCTS_DIR; };
		BA71EE0322E53B05007B670E /* AppDelegate.swift */ = {isa = PBXFileReference; lastKnownFileType = sourcecode.swift; path = AppDelegate.swift; sourceTree = "<group>"; };
		BA71EE0522E53B05007B670E /* ViewController.swift */ = {isa = PBXFileReference; lastKnownFileType = sourcecode.swift; path = ViewController.swift; sourceTree = "<group>"; };
		BA71EE0822E53B05007B670E /* Base */ = {isa = PBXFileReference; lastKnownFileType = file.storyboard; name = Base; path = Base.lproj/Main.storyboard; sourceTree = "<group>"; };
		BA71EE0A22E53B06007B670E /* Assets.xcassets */ = {isa = PBXFileReference; lastKnownFileType = folder.assetcatalog; path = Assets.xcassets; sourceTree = "<group>"; };
		BA71EE0D22E53B06007B670E /* Base */ = {isa = PBXFileReference; lastKnownFileType = file.storyboard; name = Base; path = Base.lproj/LaunchScreen.storyboard; sourceTree = "<group>"; };
		BA71EE0F22E53B06007B670E /* Info.plist */ = {isa = PBXFileReference; lastKnownFileType = text.plist.xml; path = Info.plist; sourceTree = "<group>"; };
		BA71EE1422E53B06007B670E /* CalendarTests.xctest */ = {isa = PBXFileReference; explicitFileType = wrapper.cfbundle; includeInIndex = 0; path = CalendarTests.xctest; sourceTree = BUILT_PRODUCTS_DIR; };
		BA71EE1822E53B06007B670E /* CalendarTests.swift */ = {isa = PBXFileReference; lastKnownFileType = sourcecode.swift; path = CalendarTests.swift; sourceTree = "<group>"; };
		BA71EE1A22E53B06007B670E /* Info.plist */ = {isa = PBXFileReference; lastKnownFileType = text.plist.xml; path = Info.plist; sourceTree = "<group>"; };
		BA71EE1F22E53B06007B670E /* CalendarUITests.xctest */ = {isa = PBXFileReference; explicitFileType = wrapper.cfbundle; includeInIndex = 0; path = CalendarUITests.xctest; sourceTree = BUILT_PRODUCTS_DIR; };
		BA71EE2322E53B06007B670E /* CalendarUITests.swift */ = {isa = PBXFileReference; lastKnownFileType = sourcecode.swift; path = CalendarUITests.swift; sourceTree = "<group>"; };
		BA71EE2522E53B06007B670E /* Info.plist */ = {isa = PBXFileReference; lastKnownFileType = text.plist.xml; path = Info.plist; sourceTree = "<group>"; };
/* End PBXFileReference section */

/* Begin PBXFrameworksBuildPhase section */
		BA71EDFD22E53B05007B670E /* Frameworks */ = {
			isa = PBXFrameworksBuildPhase;
			buildActionMask = 2147483647;
			files = (
			);
			runOnlyForDeploymentPostprocessing = 0;
		};
		BA71EE1122E53B06007B670E /* Frameworks */ = {
			isa = PBXFrameworksBuildPhase;
			buildActionMask = 2147483647;
			files = (
			);
			runOnlyForDeploymentPostprocessing = 0;
		};
		BA71EE1C22E53B06007B670E /* Frameworks */ = {
			isa = PBXFrameworksBuildPhase;
			buildActionMask = 2147483647;
			files = (
			);
			runOnlyForDeploymentPostprocessing = 0;
		};
/* End PBXFrameworksBuildPhase section */

/* Begin PBXGroup section */
		BA71EDF722E53B05007B670E = {
			isa = PBXGroup;
			children = (
				BA71EE0222E53B05007B670E /* Calendar */,
				BA71EE1722E53B06007B670E /* CalendarTests */,
				BA71EE2222E53B06007B670E /* CalendarUITests */,
				BA71EE0122E53B05007B670E /* Products */,
			);
			sourceTree = "<group>";
		};
		BA71EE0122E53B05007B670E /* Products */ = {
			isa = PBXGroup;
			children = (
				BA71EE0022E53B05007B670E /* Calendar.app */,
				BA71EE1422E53B06007B670E /* CalendarTests.xctest */,
				BA71EE1F22E53B06007B670E /* CalendarUITests.xctest */,
			);
			name = Products;
			sourceTree = "<group>";
		};
		BA71EE0222E53B05007B670E /* Calendar */ = {
			isa = PBXGroup;
			children = (
				BA71EE0322E53B05007B670E /* AppDelegate.swift */,
				BA71EE0522E53B05007B670E /* ViewController.swift */,
				BA71EE0722E53B05007B670E /* Main.storyboard */,
				BA71EE0A22E53B06007B670E /* Assets.xcassets */,
				BA71EE0C22E53B06007B670E /* LaunchScreen.storyboard */,
				BA71EE0F22E53B06007B670E /* Info.plist */,
			);
			path = Calendar;
			sourceTree = "<group>";
		};
		BA71EE1722E53B06007B670E /* CalendarTests */ = {
			isa = PBXGroup;
			children = (
				BA71EE1822E53B06007B670E /* CalendarTests.swift */,
				BA71EE1A22E53B06007B670E /* Info.plist */,
			);
			path = CalendarTests;
			sourceTree = "<group>";
		};
		BA71EE2222E53B06007B670E /* CalendarUITests */ = {
			isa = PBXGroup;
			children = (
				BA71EE2322E53B06007B670E /* CalendarUITests.swift */,
				BA71EE2522E53B06007B670E /* Info.plist */,
			);
			path = CalendarUITests;
			sourceTree = "<group>";
		};
/* End PBXGroup section */

/* Begin PBXNativeTarget section */
		BA71EDFF22E53B05007B670E /* Calendar */ = {
			isa = PBXNativeTarget;
			buildConfigurationList = BA71EE2822E53B06007B670E /* Build configuration list for PBXNativeTarget "Calendar" */;
			buildPhases = (
				BA71EDFC22E53B05007B670E /* Sources */,
				BA71EDFD22E53B05007B670E /* Frameworks */,
				BA71EDFE22E53B05007B670E /* Resources */,
			);
			buildRules = (
			);
			dependencies = (
			);
			name = Calendar;
			productName = Calendar;
			productReference = BA71EE0022E53B05007B670E /* Calendar.app */;
			productType = "com.apple.product-type.application";
		};
		BA71EE1322E53B06007B670E /* CalendarTests */ = {
			isa = PBXNativeTarget;
			buildConfigurationList = BA71EE2B22E53B06007B670E /* Build configuration list for PBXNativeTarget "CalendarTests" */;
			buildPhases = (
				BA71EE1022E53B06007B670E /* Sources */,
				BA71EE1122E53B06007B670E /* Frameworks */,
				BA71EE1222E53B06007B670E /* Resources */,
			);
			buildRules = (
			);
			dependencies = (
				BA71EE1622E53B06007B670E /* PBXTargetDependency */,
			);
			name = CalendarTests;
			productName = CalendarTests;
			productReference = BA71EE1422E53B06007B670E /* CalendarTests.xctest */;
			productType = "com.apple.product-type.bundle.unit-test";
		};
		BA71EE1E22E53B06007B670E /* CalendarUITests */ = {
			isa = PBXNativeTarget;
			buildConfigurationList = BA71EE2E22E53B06007B670E /* Build configuration list for PBXNativeTarget "CalendarUITests" */;
			buildPhases = (
				BA71EE1B22E53B06007B670E /* Sources */,
				BA71EE1C22E53B06007B670E /* Frameworks */,
				BA71EE1D22E53B06007B670E /* Resources */,
			);
			buildRules = (
			);
			dependencies = (
				BA71EE2122E53B06007B670E /* PBXTargetDependency */,
			);
			name = CalendarUITests;
			productName = CalendarUITests;
			productReference = BA71EE1F22E53B06007B670E /* CalendarUITests.xctest */;
			productType = "com.apple.product-type.bundle.ui-testing";
		};
/* End PBXNativeTarget section */

/* Begin PBXProject section */
		BA71EDF822E53B05007B670E /* Project object */ = {
			isa = PBXProject;
			attributes = {
				LastSwiftUpdateCheck = 1020;
				LastUpgradeCheck = 1020;
				ORGANIZATIONNAME = Byunsangjin;
				TargetAttributes = {
					BA71EDFF22E53B05007B670E = {
						CreatedOnToolsVersion = 10.2.1;
					};
					BA71EE1322E53B06007B670E = {
						CreatedOnToolsVersion = 10.2.1;
						TestTargetID = BA71EDFF22E53B05007B670E;
					};
					BA71EE1E22E53B06007B670E = {
						CreatedOnToolsVersion = 10.2.1;
						TestTargetID = BA71EDFF22E53B05007B670E;
					};
				};
			};
			buildConfigurationList = BA71EDFB22E53B05007B670E /* Build configuration list for PBXProject "Calendar" */;
			compatibilityVersion = "Xcode 9.3";
			developmentRegion = en;
			hasScannedForEncodings = 0;
			knownRegions = (
				en,
				Base,
			);
			mainGroup = BA71EDF722E53B05007B670E;
			productRefGroup = BA71EE0122E53B05007B670E /* Products */;
			projectDirPath = "";
			projectRoot = "";
			targets = (
				BA71EDFF22E53B05007B670E /* Calendar */,
				BA71EE1322E53B06007B670E /* CalendarTests */,
				BA71EE1E22E53B06007B670E /* CalendarUITests */,
			);
		};
/* End PBXProject section */

/* Begin PBXResourcesBuildPhase section */
		BA71EDFE22E53B05007B670E /* Resources */ = {
			isa = PBXResourcesBuildPhase;
			buildActionMask = 2147483647;
			files = (
				BA71EE0E22E53B06007B670E /* LaunchScreen.storyboard in Resources */,
				BA71EE0B22E53B06007B670E /* Assets.xcassets in Resources */,
				BA71EE0922E53B05007B670E /* Main.storyboard in Resources */,
			);
			runOnlyForDeploymentPostprocessing = 0;
		};
		BA71EE1222E53B06007B670E /* Resources */ = {
			isa = PBXResourcesBuildPhase;
			buildActionMask = 2147483647;
			files = (
			);
			runOnlyForDeploymentPostprocessing = 0;
		};
		BA71EE1D22E53B06007B670E /* Resources */ = {
			isa = PBXResourcesBuildPhase;
			buildActionMask = 2147483647;
			files = (
			);
			runOnlyForDeploymentPostprocessing = 0;
		};
/* End PBXResourcesBuildPhase section */

/* Begin PBXSourcesBuildPhase section */
		BA71EDFC22E53B05007B670E /* Sources */ = {
			isa = PBXSourcesBuildPhase;
			buildActionMask = 2147483647;
			files = (
				BA71EE0622E53B05007B670E /* ViewController.swift in Sources */,
				BA71EE0422E53B05007B670E /* AppDelegate.swift in Sources */,
			);
			runOnlyForDeploymentPostprocessing = 0;
		};
		BA71EE1022E53B06007B670E /* Sources */ = {
			isa = PBXSourcesBuildPhase;
			buildActionMask = 2147483647;
			files = (
				BA71EE1922E53B06007B670E /* CalendarTests.swift in Sources */,
			);
			runOnlyForDeploymentPostprocessing = 0;
		};
		BA71EE1B22E53B06007B670E /* Sources */ = {
			isa = PBXSourcesBuildPhase;
			buildActionMask = 2147483647;
			files = (
				BA71EE2422E53B06007B670E /* CalendarUITests.swift in Sources */,
			);
			runOnlyForDeploymentPostprocessing = 0;
		};
/* End PBXSourcesBuildPhase section */

/* Begin PBXTargetDependency section */
		BA71EE1622E53B06007B670E /* PBXTargetDependency */ = {
			isa = PBXTargetDependency;
			target = BA71EDFF22E53B05007B670E /* Calendar */;
			targetProxy = BA71EE1522E53B06007B670E /* PBXContainerItemProxy */;
		};
		BA71EE2122E53B06007B670E /* PBXTargetDependency */ = {
			isa = PBXTargetDependency;
			target = BA71EDFF22E53B05007B670E /* Calendar */;
			targetProxy = BA71EE2022E53B06007B670E /* PBXContainerItemProxy */;
		};
/* End PBXTargetDependency section */

/* Begin PBXVariantGroup section */
		BA71EE0722E53B05007B670E /* Main.storyboard */ = {
			isa = PBXVariantGroup;
			children = (
				BA71EE0822E53B05007B670E /* Base */,
			);
			name = Main.storyboard;
			sourceTree = "<group>";
		};
		BA71EE0C22E53B06007B670E /* LaunchScreen.storyboard */ = {
			isa = PBXVariantGroup;
			children = (
				BA71EE0D22E53B06007B670E /* Base */,
			);
			name = LaunchScreen.storyboard;
			sourceTree = "<group>";
		};
/* End PBXVariantGroup section */

/* Begin XCBuildConfiguration section */
		BA71EE2622E53B06007B670E /* Debug */ = {
			isa = XCBuildConfiguration;
			buildSettings = {
				ALWAYS_SEARCH_USER_PATHS = NO;
				CLANG_ANALYZER_NONNULL = YES;
				CLANG_ANALYZER_NUMBER_OBJECT_CONVERSION = YES_AGGRESSIVE;
				CLANG_CXX_LANGUAGE_STANDARD = "gnu++14";
				CLANG_CXX_LIBRARY = "libc++";
				CLANG_ENABLE_MODULES = YES;
				CLANG_ENABLE_OBJC_ARC = YES;
				CLANG_ENABLE_OBJC_WEAK = YES;
				CLANG_WARN_BLOCK_CAPTURE_AUTORELEASING = YES;
				CLANG_WARN_BOOL_CONVERSION = YES;
				CLANG_WARN_COMMA = YES;
				CLANG_WARN_CONSTANT_CONVERSION = YES;
				CLANG_WARN_DEPRECATED_OBJC_IMPLEMENTATIONS = YES;
				CLANG_WARN_DIRECT_OBJC_ISA_USAGE = YES_ERROR;
				CLANG_WARN_DOCUMENTATION_COMMENTS = YES;
				CLANG_WARN_EMPTY_BODY = YES;
				CLANG_WARN_ENUM_CONVERSION = YES;
				CLANG_WARN_INFINITE_RECURSION = YES;
				CLANG_WARN_INT_CONVERSION = YES;
				CLANG_WARN_NON_LITERAL_NULL_CONVERSION = YES;
				CLANG_WARN_OBJC_IMPLICIT_RETAIN_SELF = YES;
				CLANG_WARN_OBJC_LITERAL_CONVERSION = YES;
				CLANG_WARN_OBJC_ROOT_CLASS = YES_ERROR;
				CLANG_WARN_RANGE_LOOP_ANALYSIS = YES;
				CLANG_WARN_STRICT_PROTOTYPES = YES;
				CLANG_WARN_SUSPICIOUS_MOVE = YES;
				CLANG_WARN_UNGUARDED_AVAILABILITY = YES_AGGRESSIVE;
				CLANG_WARN_UNREACHABLE_CODE = YES;
				CLANG_WARN__DUPLICATE_METHOD_MATCH = YES;
				CODE_SIGN_IDENTITY = "iPhone Developer";
				COPY_PHASE_STRIP = NO;
				DEBUG_INFORMATION_FORMAT = dwarf;
				ENABLE_STRICT_OBJC_MSGSEND = YES;
				ENABLE_TESTABILITY = YES;
				GCC_C_LANGUAGE_STANDARD = gnu11;
				GCC_DYNAMIC_NO_PIC = NO;
				GCC_NO_COMMON_BLOCKS = YES;
				GCC_OPTIMIZATION_LEVEL = 0;
				GCC_PREPROCESSOR_DEFINITIONS = (
					"DEBUG=1",
					"$(inherited)",
				);
				GCC_WARN_64_TO_32_BIT_CONVERSION = YES;
				GCC_WARN_ABOUT_RETURN_TYPE = YES_ERROR;
				GCC_WARN_UNDECLARED_SELECTOR = YES;
				GCC_WARN_UNINITIALIZED_AUTOS = YES_AGGRESSIVE;
				GCC_WARN_UNUSED_FUNCTION = YES;
				GCC_WARN_UNUSED_VARIABLE = YES;
				IPHONEOS_DEPLOYMENT_TARGET = 12.2;
				MTL_ENABLE_DEBUG_INFO = INCLUDE_SOURCE;
				MTL_FAST_MATH = YES;
				ONLY_ACTIVE_ARCH = YES;
				SDKROOT = iphoneos;
				SWIFT_ACTIVE_COMPILATION_CONDITIONS = DEBUG;
				SWIFT_OPTIMIZATION_LEVEL = "-Onone";
			};
			name = Debug;
		};
		BA71EE2722E53B06007B670E /* Release */ = {
			isa = XCBuildConfiguration;
			buildSettings = {
				ALWAYS_SEARCH_USER_PATHS = NO;
				CLANG_ANALYZER_NONNULL = YES;
				CLANG_ANALYZER_NUMBER_OBJECT_CONVERSION = YES_AGGRESSIVE;
				CLANG_CXX_LANGUAGE_STANDARD = "gnu++14";
				CLANG_CXX_LIBRARY = "libc++";
				CLANG_ENABLE_MODULES = YES;
				CLANG_ENABLE_OBJC_ARC = YES;
				CLANG_ENABLE_OBJC_WEAK = YES;
				CLANG_WARN_BLOCK_CAPTURE_AUTORELEASING = YES;
				CLANG_WARN_BOOL_CONVERSION = YES;
				CLANG_WARN_COMMA = YES;
				CLANG_WARN_CONSTANT_CONVERSION = YES;
				CLANG_WARN_DEPRECATED_OBJC_IMPLEMENTATIONS = YES;
				CLANG_WARN_DIRECT_OBJC_ISA_USAGE = YES_ERROR;
				CLANG_WARN_DOCUMENTATION_COMMENTS = YES;
				CLANG_WARN_EMPTY_BODY = YES;
				CLANG_WARN_ENUM_CONVERSION = YES;
				CLANG_WARN_INFINITE_RECURSION = YES;
				CLANG_WARN_INT_CONVERSION = YES;
				CLANG_WARN_NON_LITERAL_NULL_CONVERSION = YES;
				CLANG_WARN_OBJC_IMPLICIT_RETAIN_SELF = YES;
				CLANG_WARN_OBJC_LITERAL_CONVERSION = YES;
				CLANG_WARN_OBJC_ROOT_CLASS = YES_ERROR;
				CLANG_WARN_RANGE_LOOP_ANALYSIS = YES;
				CLANG_WARN_STRICT_PROTOTYPES = YES;
				CLANG_WARN_SUSPICIOUS_MOVE = YES;
				CLANG_WARN_UNGUARDED_AVAILABILITY = YES_AGGRESSIVE;
				CLANG_WARN_UNREACHABLE_CODE = YES;
				CLANG_WARN__DUPLICATE_METHOD_MATCH = YES;
				CODE_SIGN_IDENTITY = "iPhone Developer";
				COPY_PHASE_STRIP = NO;
				DEBUG_INFORMATION_FORMAT = "dwarf-with-dsym";
				ENABLE_NS_ASSERTIONS = NO;
				ENABLE_STRICT_OBJC_MSGSEND = YES;
				GCC_C_LANGUAGE_STANDARD = gnu11;
				GCC_NO_COMMON_BLOCKS = YES;
				GCC_WARN_64_TO_32_BIT_CONVERSION = YES;
				GCC_WARN_ABOUT_RETURN_TYPE = YES_ERROR;
				GCC_WARN_UNDECLARED_SELECTOR = YES;
				GCC_WARN_UNINITIALIZED_AUTOS = YES_AGGRESSIVE;
				GCC_WARN_UNUSED_FUNCTION = YES;
				GCC_WARN_UNUSED_VARIABLE = YES;
				IPHONEOS_DEPLOYMENT_TARGET = 12.2;
				MTL_ENABLE_DEBUG_INFO = NO;
				MTL_FAST_MATH = YES;
				SDKROOT = iphoneos;
				SWIFT_COMPILATION_MODE = wholemodule;
				SWIFT_OPTIMIZATION_LEVEL = "-O";
				VALIDATE_PRODUCT = YES;
			};
			name = Release;
		};
		BA71EE2922E53B06007B670E /* Debug */ = {
			isa = XCBuildConfiguration;
			buildSettings = {
				ASSETCATALOG_COMPILER_APPICON_NAME = AppIcon;
				CODE_SIGN_STYLE = Automatic;
				DEVELOPMENT_TEAM = GN3PLAKW34;
				INFOPLIST_FILE = Calendar/Info.plist;
				LD_RUNPATH_SEARCH_PATHS = (
					"$(inherited)",
					"@executable_path/Frameworks",
				);
				PRODUCT_BUNDLE_IDENTIFIER = dave.s.byun.Calendar;
				PRODUCT_NAME = "$(TARGET_NAME)";
				SWIFT_VERSION = 5.0;
				TARGETED_DEVICE_FAMILY = "1,2";
			};
			name = Debug;
		};
		BA71EE2A22E53B06007B670E /* Release */ = {
			isa = XCBuildConfiguration;
			buildSettings = {
				ASSETCATALOG_COMPILER_APPICON_NAME = AppIcon;
				CODE_SIGN_STYLE = Automatic;
				DEVELOPMENT_TEAM = GN3PLAKW34;
				INFOPLIST_FILE = Calendar/Info.plist;
				LD_RUNPATH_SEARCH_PATHS = (
					"$(inherited)",
					"@executable_path/Frameworks",
				);
				PRODUCT_BUNDLE_IDENTIFIER = dave.s.byun.Calendar;
				PRODUCT_NAME = "$(TARGET_NAME)";
				SWIFT_VERSION = 5.0;
				TARGETED_DEVICE_FAMILY = "1,2";
			};
			name = Release;
		};
		BA71EE2C22E53B06007B670E /* Debug */ = {
			isa = XCBuildConfiguration;
			buildSettings = {
				ALWAYS_EMBED_SWIFT_STANDARD_LIBRARIES = YES;
				BUNDLE_LOADER = "$(TEST_HOST)";
				CODE_SIGN_STYLE = Automatic;
				DEVELOPMENT_TEAM = GN3PLAKW34;
				INFOPLIST_FILE = CalendarTests/Info.plist;
				LD_RUNPATH_SEARCH_PATHS = (
					"$(inherited)",
					"@executable_path/Frameworks",
					"@loader_path/Frameworks",
				);
				PRODUCT_BUNDLE_IDENTIFIER = dave.s.byun.CalendarTests;
				PRODUCT_NAME = "$(TARGET_NAME)";
				SWIFT_VERSION = 5.0;
				TARGETED_DEVICE_FAMILY = "1,2";
				TEST_HOST = "$(BUILT_PRODUCTS_DIR)/Calendar.app/Calendar";
			};
			name = Debug;
		};
		BA71EE2D22E53B06007B670E /* Release */ = {
			isa = XCBuildConfiguration;
			buildSettings = {
				ALWAYS_EMBED_SWIFT_STANDARD_LIBRARIES = YES;
				BUNDLE_LOADER = "$(TEST_HOST)";
				CODE_SIGN_STYLE = Automatic;
				DEVELOPMENT_TEAM = GN3PLAKW34;
				INFOPLIST_FILE = CalendarTests/Info.plist;
				LD_RUNPATH_SEARCH_PATHS = (
					"$(inherited)",
					"@executable_path/Frameworks",
					"@loader_path/Frameworks",
				);
				PRODUCT_BUNDLE_IDENTIFIER = dave.s.byun.CalendarTests;
				PRODUCT_NAME = "$(TARGET_NAME)";
				SWIFT_VERSION = 5.0;
				TARGETED_DEVICE_FAMILY = "1,2";
				TEST_HOST = "$(BUILT_PRODUCTS_DIR)/Calendar.app/Calendar";
			};
			name = Release;
		};
		BA71EE2F22E53B06007B670E /* Debug */ = {
			isa = XCBuildConfiguration;
			buildSettings = {
				ALWAYS_EMBED_SWIFT_STANDARD_LIBRARIES = YES;
				CODE_SIGN_STYLE = Automatic;
				DEVELOPMENT_TEAM = GN3PLAKW34;
				INFOPLIST_FILE = CalendarUITests/Info.plist;
				LD_RUNPATH_SEARCH_PATHS = (
					"$(inherited)",
					"@executable_path/Frameworks",
					"@loader_path/Frameworks",
				);
				PRODUCT_BUNDLE_IDENTIFIER = dave.s.byun.CalendarUITests;
				PRODUCT_NAME = "$(TARGET_NAME)";
				SWIFT_VERSION = 5.0;
				TARGETED_DEVICE_FAMILY = "1,2";
				TEST_TARGET_NAME = Calendar;
			};
			name = Debug;
		};
		BA71EE3022E53B06007B670E /* Release */ = {
			isa = XCBuildConfiguration;
			buildSettings = {
				ALWAYS_EMBED_SWIFT_STANDARD_LIBRARIES = YES;
				CODE_SIGN_STYLE = Automatic;
				DEVELOPMENT_TEAM = GN3PLAKW34;
				INFOPLIST_FILE = CalendarUITests/Info.plist;
				LD_RUNPATH_SEARCH_PATHS = (
					"$(inherited)",
					"@executable_path/Frameworks",
					"@loader_path/Frameworks",
				);
				PRODUCT_BUNDLE_IDENTIFIER = dave.s.byun.CalendarUITests;
				PRODUCT_NAME = "$(TARGET_NAME)";
				SWIFT_VERSION = 5.0;
				TARGETED_DEVICE_FAMILY = "1,2";
				TEST_TARGET_NAME = Calendar;
			};
			name = Release;
		};
/* End XCBuildConfiguration section */

/* Begin XCConfigurationList section */
		BA71EDFB22E53B05007B670E /* Build configuration list for PBXProject "Calendar" */ = {
			isa = XCConfigurationList;
			buildConfigurations = (
				BA71EE2622E53B06007B670E /* Debug */,
				BA71EE2722E53B06007B670E /* Release */,
			);
			defaultConfigurationIsVisible = 0;
			defaultConfigurationName = Release;
		};
		BA71EE2822E53B06007B670E /* Build configuration list for PBXNativeTarget "Calendar" */ = {
			isa = XCConfigurationList;
			buildConfigurations = (
				BA71EE2922E53B06007B670E /* Debug */,
				BA71EE2A22E53B06007B670E /* Release */,
			);
			defaultConfigurationIsVisible = 0;
			defaultConfigurationName = Release;
		};
		BA71EE2B22E53B06007B670E /* Build configuration list for PBXNativeTarget "CalendarTests" */ = {
			isa = XCConfigurationList;
			buildConfigurations = (
				BA71EE2C22E53B06007B670E /* Debug */,
				BA71EE2D22E53B06007B670E /* Release */,
			);
			defaultConfigurationIsVisible = 0;
			defaultConfigurationName = Release;
		};
		BA71EE2E22E53B06007B670E /* Build configuration list for PBXNativeTarget "CalendarUITests" */ = {
			isa = XCConfigurationList;
			buildConfigurations = (
				BA71EE2F22E53B06007B670E /* Debug */,
				BA71EE3022E53B06007B670E /* Release */,
			);
			defaultConfigurationIsVisible = 0;
			defaultConfigurationName = Release;
		};
/* End XCConfigurationList section */
	};
	rootObject = BA71EDF822E53B05007B670E /* Project object */;
}
